// !$*UTF8*$!
{
	archiveVersion = 1;
	classes = {
	};
	objectVersion = 50;
	objects = {

/* Begin PBXBuildFile section */
		8602E8BC20BA486F00F1BCAA /* AppDelegate.swift in Sources */ = {isa = PBXBuildFile; fileRef = 8602E8BB20BA486F00F1BCAA /* AppDelegate.swift */; };
		8602E8BE20BA486F00F1BCAA /* ViewController.swift in Sources */ = {isa = PBXBuildFile; fileRef = 8602E8BD20BA486F00F1BCAA /* ViewController.swift */; };
		8602E8C120BA486F00F1BCAA /* Main.storyboard in Resources */ = {isa = PBXBuildFile; fileRef = 8602E8BF20BA486F00F1BCAA /* Main.storyboard */; };
		8602E8C320BA487100F1BCAA /* Assets.xcassets in Resources */ = {isa = PBXBuildFile; fileRef = 8602E8C220BA487100F1BCAA /* Assets.xcassets */; };
		8602E8C620BA487100F1BCAA /* LaunchScreen.storyboard in Resources */ = {isa = PBXBuildFile; fileRef = 8602E8C420BA487100F1BCAA /* LaunchScreen.storyboard */; };
		8602E8D120BA487100F1BCAA /* testdgUITests.swift in Sources */ = {isa = PBXBuildFile; fileRef = 8602E8D020BA487100F1BCAA /* testdgUITests.swift */; };
/* End PBXBuildFile section */

/* Begin PBXContainerItemProxy section */
		8602E8CD20BA487100F1BCAA /* PBXContainerItemProxy */ = {
			isa = PBXContainerItemProxy;
			containerPortal = 8602E8B020BA486F00F1BCAA /* Project object */;
			proxyType = 1;
			remoteGlobalIDString = 8602E8B720BA486F00F1BCAA;
			remoteInfo = testdg;
		};
/* End PBXContainerItemProxy section */

/* Begin PBXFileReference section */
		8602E8B820BA486F00F1BCAA /* testdg.app */ = {isa = PBXFileReference; explicitFileType = wrapper.application; includeInIndex = 0; path = testdg.app; sourceTree = BUILT_PRODUCTS_DIR; };
		8602E8BB20BA486F00F1BCAA /* AppDelegate.swift */ = {isa = PBXFileReference; lastKnownFileType = sourcecode.swift; path = AppDelegate.swift; sourceTree = "<group>"; };
		8602E8BD20BA486F00F1BCAA /* ViewController.swift */ = {isa = PBXFileReference; lastKnownFileType = sourcecode.swift; path = ViewController.swift; sourceTree = "<group>"; };
		8602E8C020BA486F00F1BCAA /* Base */ = {isa = PBXFileReference; lastKnownFileType = file.storyboard; name = Base; path = Base.lproj/Main.storyboard; sourceTree = "<group>"; };
		8602E8C220BA487100F1BCAA /* Assets.xcassets */ = {isa = PBXFileReference; lastKnownFileType = folder.assetcatalog; path = Assets.xcassets; sourceTree = "<group>"; };
		8602E8C520BA487100F1BCAA /* Base */ = {isa = PBXFileReference; lastKnownFileType = file.storyboard; name = Base; path = Base.lproj/LaunchScreen.storyboard; sourceTree = "<group>"; };
		8602E8C720BA487100F1BCAA /* Info.plist */ = {isa = PBXFileReference; lastKnownFileType = text.plist.xml; path = Info.plist; sourceTree = "<group>"; };
		8602E8CC20BA487100F1BCAA /* testdgUITests.xctest */ = {isa = PBXFileReference; explicitFileType = wrapper.cfbundle; includeInIndex = 0; path = testdgUITests.xctest; sourceTree = BUILT_PRODUCTS_DIR; };
		8602E8D020BA487100F1BCAA /* testdgUITests.swift */ = {isa = PBXFileReference; lastKnownFileType = sourcecode.swift; path = testdgUITests.swift; sourceTree = "<group>"; };
		8602E8D220BA487100F1BCAA /* Info.plist */ = {isa = PBXFileReference; lastKnownFileType = text.plist.xml; path = Info.plist; sourceTree = "<group>"; };
/* End PBXFileReference section */

/* Begin PBXFrameworksBuildPhase section */
		8602E8B520BA486F00F1BCAA /* Frameworks */ = {
			isa = PBXFrameworksBuildPhase;
			buildActionMask = 2147483647;
			files = (
			);
			runOnlyForDeploymentPostprocessing = 0;
		};
		8602E8C920BA487100F1BCAA /* Frameworks */ = {
			isa = PBXFrameworksBuildPhase;
			buildActionMask = 2147483647;
			files = (
			);
			runOnlyForDeploymentPostprocessing = 0;
		};
/* End PBXFrameworksBuildPhase section */

/* Begin PBXGroup section */
		8602E8AF20BA486F00F1BCAA = {
			isa = PBXGroup;
			children = (
				8602E8BA20BA486F00F1BCAA /* testdg */,
				8602E8CF20BA487100F1BCAA /* testdgUITests */,
				8602E8B920BA486F00F1BCAA /* Products */,
			);
			sourceTree = "<group>";
		};
		8602E8B920BA486F00F1BCAA /* Products */ = {
			isa = PBXGroup;
			children = (
				8602E8B820BA486F00F1BCAA /* testdg.app */,
				8602E8CC20BA487100F1BCAA /* testdgUITests.xctest */,
			);
			name = Products;
			sourceTree = "<group>";
		};
		8602E8BA20BA486F00F1BCAA /* testdg */ = {
			isa = PBXGroup;
			children = (
				8602E8BB20BA486F00F1BCAA /* AppDelegate.swift */,
				8602E8BD20BA486F00F1BCAA /* ViewController.swift */,
				8602E8BF20BA486F00F1BCAA /* Main.storyboard */,
				8602E8C220BA487100F1BCAA /* Assets.xcassets */,
				8602E8C420BA487100F1BCAA /* LaunchScreen.storyboard */,
				8602E8C720BA487100F1BCAA /* Info.plist */,
			);
			path = testdg;
			sourceTree = "<group>";
		};
		8602E8CF20BA487100F1BCAA /* testdgUITests */ = {
			isa = PBXGroup;
			children = (
				8602E8D020BA487100F1BCAA /* testdgUITests.swift */,
				8602E8D220BA487100F1BCAA /* Info.plist */,
			);
			path = testdgUITests;
			sourceTree = "<group>";
		};
/* End PBXGroup section */

/* Begin PBXNativeTarget section */
		8602E8B720BA486F00F1BCAA /* testdg */ = {
			isa = PBXNativeTarget;
			buildConfigurationList = 8602E8D520BA487100F1BCAA /* Build configuration list for PBXNativeTarget "testdg" */;
			buildPhases = (
				8602E8B420BA486F00F1BCAA /* Sources */,
				8602E8B520BA486F00F1BCAA /* Frameworks */,
				8602E8B620BA486F00F1BCAA /* Resources */,
			);
			buildRules = (
			);
			dependencies = (
			);
			name = testdg;
			productName = testdg;
			productReference = 8602E8B820BA486F00F1BCAA /* testdg.app */;
			productType = "com.apple.product-type.application";
		};
		8602E8CB20BA487100F1BCAA /* testdgUITests */ = {
			isa = PBXNativeTarget;
			buildConfigurationList = 8602E8D820BA487100F1BCAA /* Build configuration list for PBXNativeTarget "testdgUITests" */;
			buildPhases = (
				8602E8C820BA487100F1BCAA /* Sources */,
				8602E8C920BA487100F1BCAA /* Frameworks */,
				8602E8CA20BA487100F1BCAA /* Resources */,
			);
			buildRules = (
			);
			dependencies = (
				8602E8CE20BA487100F1BCAA /* PBXTargetDependency */,
			);
			name = testdgUITests;
			productName = testdgUITests;
			productReference = 8602E8CC20BA487100F1BCAA /* testdgUITests.xctest */;
			productType = "com.apple.product-type.bundle.ui-testing";
		};
/* End PBXNativeTarget section */

/* Begin PBXProject section */
		8602E8B020BA486F00F1BCAA /* Project object */ = {
			isa = PBXProject;
			attributes = {
				LastSwiftUpdateCheck = 0930;
				LastUpgradeCheck = 0930;
				ORGANIZATIONNAME = "David Guajardo Osorio";
				TargetAttributes = {
					8602E8B720BA486F00F1BCAA = {
						CreatedOnToolsVersion = 9.3.1;
					};
					8602E8CB20BA487100F1BCAA = {
						CreatedOnToolsVersion = 9.3.1;
						TestTargetID = 8602E8B720BA486F00F1BCAA;
					};
				};
			};
			buildConfigurationList = 8602E8B320BA486F00F1BCAA /* Build configuration list for PBXProject "testdg" */;
			compatibilityVersion = "Xcode 9.3";
			developmentRegion = en;
			hasScannedForEncodings = 0;
			knownRegions = (
				en,
				Base,
			);
			mainGroup = 8602E8AF20BA486F00F1BCAA;
			productRefGroup = 8602E8B920BA486F00F1BCAA /* Products */;
			projectDirPath = "";
			projectRoot = "";
			targets = (
				8602E8B720BA486F00F1BCAA /* testdg */,
				8602E8CB20BA487100F1BCAA /* testdgUITests */,
			);
		};
/* End PBXProject section */

/* Begin PBXResourcesBuildPhase section */
		8602E8B620BA486F00F1BCAA /* Resources */ = {
			isa = PBXResourcesBuildPhase;
			buildActionMask = 2147483647;
			files = (
				8602E8C620BA487100F1BCAA /* LaunchScreen.storyboard in Resources */,
				8602E8C320BA487100F1BCAA /* Assets.xcassets in Resources */,
				8602E8C120BA486F00F1BCAA /* Main.storyboard in Resources */,
			);
			runOnlyForDeploymentPostprocessing = 0;
		};
		8602E8CA20BA487100F1BCAA /* Resources */ = {
			isa = PBXResourcesBuildPhase;
			buildActionMask = 2147483647;
			files = (
			);
			runOnlyForDeploymentPostprocessing = 0;
		};
/* End PBXResourcesBuildPhase section */

/* Begin PBXSourcesBuildPhase section */
		8602E8B420BA486F00F1BCAA /* Sources */ = {
			isa = PBXSourcesBuildPhase;
			buildActionMask = 2147483647;
			files = (
				8602E8BE20BA486F00F1BCAA /* ViewController.swift in Sources */,
				8602E8BC20BA486F00F1BCAA /* AppDelegate.swift in Sources */,
			);
			runOnlyForDeploymentPostprocessing = 0;
		};
		8602E8C820BA487100F1BCAA /* Sources */ = {
			isa = PBXSourcesBuildPhase;
			buildActionMask = 2147483647;
			files = (
				8602E8D120BA487100F1BCAA /* testdgUITests.swift in Sources */,
			);
			runOnlyForDeploymentPostprocessing = 0;
		};
/* End PBXSourcesBuildPhase section */

/* Begin PBXTargetDependency section */
		8602E8CE20BA487100F1BCAA /* PBXTargetDependency */ = {
			isa = PBXTargetDependency;
			target = 8602E8B720BA486F00F1BCAA /* testdg */;
			targetProxy = 8602E8CD20BA487100F1BCAA /* PBXContainerItemProxy */;
		};
/* End PBXTargetDependency section */

/* Begin PBXVariantGroup section */
		8602E8BF20BA486F00F1BCAA /* Main.storyboard */ = {
			isa = PBXVariantGroup;
			children = (
				8602E8C020BA486F00F1BCAA /* Base */,
			);
			name = Main.storyboard;
			sourceTree = "<group>";
		};
		8602E8C420BA487100F1BCAA /* LaunchScreen.storyboard */ = {
			isa = PBXVariantGroup;
			children = (
				8602E8C520BA487100F1BCAA /* Base */,
			);
			name = LaunchScreen.storyboard;
			sourceTree = "<group>";
		};
/* End PBXVariantGroup section */

/* Begin XCBuildConfiguration section */
		8602E8D320BA487100F1BCAA /* Debug */ = {
			isa = XCBuildConfiguration;
			buildSettings = {
				ALWAYS_SEARCH_USER_PATHS = NO;
				CLANG_ANALYZER_NONNULL = YES;
				CLANG_ANALYZER_NUMBER_OBJECT_CONVERSION = YES_AGGRESSIVE;
				CLANG_CXX_LANGUAGE_STANDARD = "gnu++14";
				CLANG_CXX_LIBRARY = "libc++";
				CLANG_ENABLE_MODULES = YES;
				CLANG_ENABLE_OBJC_ARC = YES;
				CLANG_ENABLE_OBJC_WEAK = YES;
				CLANG_WARN_BLOCK_CAPTURE_AUTORELEASING = YES;
				CLANG_WARN_BOOL_CONVERSION = YES;
				CLANG_WARN_COMMA = YES;
				CLANG_WARN_CONSTANT_CONVERSION = YES;
				CLANG_WARN_DEPRECATED_OBJC_IMPLEMENTATIONS = YES;
				CLANG_WARN_DIRECT_OBJC_ISA_USAGE = YES_ERROR;
				CLANG_WARN_DOCUMENTATION_COMMENTS = YES;
				CLANG_WARN_EMPTY_BODY = YES;
				CLANG_WARN_ENUM_CONVERSION = YES;
				CLANG_WARN_INFINITE_RECURSION = YES;
				CLANG_WARN_INT_CONVERSION = YES;
				CLANG_WARN_NON_LITERAL_NULL_CONVERSION = YES;
				CLANG_WARN_OBJC_IMPLICIT_RETAIN_SELF = YES;
				CLANG_WARN_OBJC_LITERAL_CONVERSION = YES;
				CLANG_WARN_OBJC_ROOT_CLASS = YES_ERROR;
				CLANG_WARN_RANGE_LOOP_ANALYSIS = YES;
				CLANG_WARN_STRICT_PROTOTYPES = YES;
				CLANG_WARN_SUSPICIOUS_MOVE = YES;
				CLANG_WARN_UNGUARDED_AVAILABILITY = YES_AGGRESSIVE;
				CLANG_WARN_UNREACHABLE_CODE = YES;
				CLANG_WARN__DUPLICATE_METHOD_MATCH = YES;
				CODE_SIGN_IDENTITY = "iPhone Developer";
				COPY_PHASE_STRIP = NO;
				DEBUG_INFORMATION_FORMAT = dwarf;
				ENABLE_STRICT_OBJC_MSGSEND = YES;
				ENABLE_TESTABILITY = YES;
				GCC_C_LANGUAGE_STANDARD = gnu11;
				GCC_DYNAMIC_NO_PIC = NO;
				GCC_NO_COMMON_BLOCKS = YES;
				GCC_OPTIMIZATION_LEVEL = 0;
				GCC_PREPROCESSOR_DEFINITIONS = (
					"DEBUG=1",
					"$(inherited)",
				);
				GCC_WARN_64_TO_32_BIT_CONVERSION = YES;
				GCC_WARN_ABOUT_RETURN_TYPE = YES_ERROR;
				GCC_WARN_UNDECLARED_SELECTOR = YES;
				GCC_WARN_UNINITIALIZED_AUTOS = YES_AGGRESSIVE;
				GCC_WARN_UNUSED_FUNCTION = YES;
				GCC_WARN_UNUSED_VARIABLE = YES;
				IPHONEOS_DEPLOYMENT_TARGET = 11.3;
				MTL_ENABLE_DEBUG_INFO = YES;
				ONLY_ACTIVE_ARCH = YES;
				SDKROOT = iphoneos;
				SWIFT_ACTIVE_COMPILATION_CONDITIONS = DEBUG;
				SWIFT_OPTIMIZATION_LEVEL = "-Onone";
			};
			name = Debug;
		};
		8602E8D420BA487100F1BCAA /* Release */ = {
			isa = XCBuildConfiguration;
			buildSettings = {
				ALWAYS_SEARCH_USER_PATHS = NO;
				CLANG_ANALYZER_NONNULL = YES;
				CLANG_ANALYZER_NUMBER_OBJECT_CONVERSION = YES_AGGRESSIVE;
				CLANG_CXX_LANGUAGE_STANDARD = "gnu++14";
				CLANG_CXX_LIBRARY = "libc++";
				CLANG_ENABLE_MODULES = YES;
				CLANG_ENABLE_OBJC_ARC = YES;
				CLANG_ENABLE_OBJC_WEAK = YES;
				CLANG_WARN_BLOCK_CAPTURE_AUTORELEASING = YES;
				CLANG_WARN_BOOL_CONVERSION = YES;
				CLANG_WARN_COMMA = YES;
				CLANG_WARN_CONSTANT_CONVERSION = YES;
				CLANG_WARN_DEPRECATED_OBJC_IMPLEMENTATIONS = YES;
				CLANG_WARN_DIRECT_OBJC_ISA_USAGE = YES_ERROR;
				CLANG_WARN_DOCUMENTATION_COMMENTS = YES;
				CLANG_WARN_EMPTY_BODY = YES;
				CLANG_WARN_ENUM_CONVERSION = YES;
				CLANG_WARN_INFINITE_RECURSION = YES;
				CLANG_WARN_INT_CONVERSION = YES;
				CLANG_WARN_NON_LITERAL_NULL_CONVERSION = YES;
				CLANG_WARN_OBJC_IMPLICIT_RETAIN_SELF = YES;
				CLANG_WARN_OBJC_LITERAL_CONVERSION = YES;
				CLANG_WARN_OBJC_ROOT_CLASS = YES_ERROR;
				CLANG_WARN_RANGE_LOOP_ANALYSIS = YES;
				CLANG_WARN_STRICT_PROTOTYPES = YES;
				CLANG_WARN_SUSPICIOUS_MOVE = YES;
				CLANG_WARN_UNGUARDED_AVAILABILITY = YES_AGGRESSIVE;
				CLANG_WARN_UNREACHABLE_CODE = YES;
				CLANG_WARN__DUPLICATE_METHOD_MATCH = YES;
				CODE_SIGN_IDENTITY = "iPhone Developer";
				COPY_PHASE_STRIP = NO;
				DEBUG_INFORMATION_FORMAT = "dwarf-with-dsym";
				ENABLE_NS_ASSERTIONS = NO;
				ENABLE_STRICT_OBJC_MSGSEND = YES;
				GCC_C_LANGUAGE_STANDARD = gnu11;
				GCC_NO_COMMON_BLOCKS = YES;
				GCC_WARN_64_TO_32_BIT_CONVERSION = YES;
				GCC_WARN_ABOUT_RETURN_TYPE = YES_ERROR;
				GCC_WARN_UNDECLARED_SELECTOR = YES;
				GCC_WARN_UNINITIALIZED_AUTOS = YES_AGGRESSIVE;
				GCC_WARN_UNUSED_FUNCTION = YES;
				GCC_WARN_UNUSED_VARIABLE = YES;
				IPHONEOS_DEPLOYMENT_TARGET = 11.3;
				MTL_ENABLE_DEBUG_INFO = NO;
				SDKROOT = iphoneos;
				SWIFT_COMPILATION_MODE = wholemodule;
				SWIFT_OPTIMIZATION_LEVEL = "-O";
				VALIDATE_PRODUCT = YES;
			};
			name = Release;
		};
		8602E8D620BA487100F1BCAA /* Debug */ = {
			isa = XCBuildConfiguration;
			buildSettings = {
				ASSETCATALOG_COMPILER_APPICON_NAME = AppIcon;
				CODE_SIGN_STYLE = Automatic;
				DEVELOPMENT_TEAM = 5ZBPY3WQR3;
				INFOPLIST_FILE = testdg/Info.plist;
				IPHONEOS_DEPLOYMENT_TARGET = 11.0;
				LD_RUNPATH_SEARCH_PATHS = (
					"$(inherited)",
					"@executable_path/Frameworks",
				);
				PRODUCT_BUNDLE_IDENTIFIER = com.davidguajardo.testdg;
				PRODUCT_NAME = "$(TARGET_NAME)";
				SWIFT_VERSION = 4.0;
				TARGETED_DEVICE_FAMILY = "1,2";
			};
			name = Debug;
		};
		8602E8D720BA487100F1BCAA /* Release */ = {
			isa = XCBuildConfiguration;
			buildSettings = {
				ASSETCATALOG_COMPILER_APPICON_NAME = AppIcon;
				CODE_SIGN_STYLE = Automatic;
				DEVELOPMENT_TEAM = 5ZBPY3WQR3;
				INFOPLIST_FILE = testdg/Info.plist;
				IPHONEOS_DEPLOYMENT_TARGET = 11.0;
				LD_RUNPATH_SEARCH_PATHS = (
					"$(inherited)",
					"@executable_path/Frameworks",
				);
				PRODUCT_BUNDLE_IDENTIFIER = com.davidguajardo.testdg;
				PRODUCT_NAME = "$(TARGET_NAME)";
				SWIFT_VERSION = 4.0;
				TARGETED_DEVICE_FAMILY = "1,2";
			};
			name = Release;
		};
		8602E8D920BA487100F1BCAA /* Debug */ = {
			isa = XCBuildConfiguration;
			buildSettings = {
				ALWAYS_EMBED_SWIFT_STANDARD_LIBRARIES = YES;
				CODE_SIGN_STYLE = Automatic;
				INFOPLIST_FILE = testdgUITests/Info.plist;
				LD_RUNPATH_SEARCH_PATHS = (
					"$(inherited)",
					"@executable_path/Frameworks",
					"@loader_path/Frameworks",
				);
				PRODUCT_BUNDLE_IDENTIFIER = com.davidguajardo.testdgUITests;
				PRODUCT_NAME = "$(TARGET_NAME)";
				SWIFT_VERSION = 4.0;
				TARGETED_DEVICE_FAMILY = "1,2";
				TEST_TARGET_NAME = testdg;
			};
			name = Debug;
		};
		8602E8DA20BA487100F1BCAA /* Release */ = {
			isa = XCBuildConfiguration;
			buildSettings = {
				ALWAYS_EMBED_SWIFT_STANDARD_LIBRARIES = YES;
				CODE_SIGN_STYLE = Automatic;
				INFOPLIST_FILE = testdgUITests/Info.plist;
				LD_RUNPATH_SEARCH_PATHS = (
					"$(inherited)",
					"@executable_path/Frameworks",
					"@loader_path/Frameworks",
				);
				PRODUCT_BUNDLE_IDENTIFIER = com.davidguajardo.testdgUITests;
				PRODUCT_NAME = "$(TARGET_NAME)";
				SWIFT_VERSION = 4.0;
				TARGETED_DEVICE_FAMILY = "1,2";
				TEST_TARGET_NAME = testdg;
			};
			name = Release;
		};
/* End XCBuildConfiguration section */

/* Begin XCConfigurationList section */
		8602E8B320BA486F00F1BCAA /* Build configuration list for PBXProject "testdg" */ = {
			isa = XCConfigurationList;
			buildConfigurations = (
				8602E8D320BA487100F1BCAA /* Debug */,
				8602E8D420BA487100F1BCAA /* Release */,
			);
			defaultConfigurationIsVisible = 0;
			defaultConfigurationName = Release;
		};
		8602E8D520BA487100F1BCAA /* Build configuration list for PBXNativeTarget "testdg" */ = {
			isa = XCConfigurationList;
			buildConfigurations = (
				8602E8D620BA487100F1BCAA /* Debug */,
				8602E8D720BA487100F1BCAA /* Release */,
			);
			defaultConfigurationIsVisible = 0;
			defaultConfigurationName = Release;
		};
		8602E8D820BA487100F1BCAA /* Build configuration list for PBXNativeTarget "testdgUITests" */ = {
			isa = XCConfigurationList;
			buildConfigurations = (
				8602E8D920BA487100F1BCAA /* Debug */,
				8602E8DA20BA487100F1BCAA /* Release */,
			);
			defaultConfigurationIsVisible = 0;
			defaultConfigurationName = Release;
		};
/* End XCConfigurationList section */
	};
	rootObject = 8602E8B020BA486F00F1BCAA /* Project object */;
}
